
Microsoft Visual Studio Solution File, Format Version 12.00
# Visual Studio Version 17
VisualStudioVersion = 17.5.002.0
MinimumVisualStudioVersion = 10.0.40219.1
Project("{9A19103F-16F7-4668-BE54-9A1E7A4F7556}") = "TwStock.NET", "Main\TwStock.NET.csproj", "{CE40EF8A-ED33-4CA2-92C1-C2DB11D2DA1A}"
EndProject
Project("{9A19103F-16F7-4668-BE54-9A1E7A4F7556}") = "TwStock.NET.UnitTest", "UnitTest\TwStock.NET.UnitTest.csproj", "{90822762-72C1-4DC6-8C51-184AF7FA2C96}"
EndProject
Global
	GlobalSection(SolutionConfigurationPlatforms) = preSolution
		Debug|Any CPU = Debug|Any CPU
		Release|Any CPU = Release|Any CPU
	EndGlobalSection
	GlobalSection(ProjectConfigurationPlatforms) = postSolution
		{CE40EF8A-ED33-4CA2-92C1-C2DB11D2DA1A}.Debug|Any CPU.ActiveCfg = Debug|Any CPU
		{CE40EF8A-ED33-4CA2-92C1-C2DB11D2DA1A}.Debug|Any CPU.Build.0 = Debug|Any CPU
		{CE40EF8A-ED33-4CA2-92C1-C2DB11D2DA1A}.Release|Any CPU.ActiveCfg = Release|Any CPU
		{CE40EF8A-ED33-4CA2-92C1-C2DB11D2DA1A}.Release|Any CPU.Build.0 = Release|Any CPU
		{90822762-72C1-4DC6-8C51-184AF7FA2C96}.Debug|Any CPU.ActiveCfg = Debug|Any CPU
		{90822762-72C1-4DC6-8C51-184AF7FA2C96}.Debug|Any CPU.Build.0 = Debug|Any CPU
		{90822762-72C1-4DC6-8C51-184AF7FA2C96}.Release|Any CPU.ActiveCfg = Release|Any CPU
		{90822762-72C1-4DC6-8C51-184AF7FA2C96}.Release|Any CPU.Build.0 = Release|Any CPU
	EndGlobalSection
	GlobalSection(SolutionProperties) = preSolution
		HideSolutionNode = FALSE
	EndGlobalSection
	GlobalSection(ExtensibilityGlobals) = postSolution
		SolutionGuid = {EF4364DD-873B-4B3F-A46C-86D729BD58FF}
	EndGlobalSection
EndGlobal
